
Microsoft Visual Studio Solution File, Format Version 12.00
# Visual Studio Version 17
VisualStudioVersion = 17.0.31903.59
MinimumVisualStudioVersion = 10.0.40219.1
Project("{2150E333-8FDC-42A3-9474-1A3956D46DE8}") = "src", "src", "{827E0CD3-B72D-47B6-A68D-7590B98EB39B}"
EndProject
Project("{FAE04EC0-301F-11D3-BF4B-00C04F79EFBC}") = "VaultProspector.App", "src\VaultProspector.App\VaultProspector.App.csproj", "{83E079FD-8090-4225-BEDF-677BEE561A7F}"
EndProject
Project("{FAE04EC0-301F-11D3-BF4B-00C04F79EFBC}") = "VaultProspector.Application", "src\VaultProspector.Application\VaultProspector.Application.csproj", "{384BEB4D-3CC2-4CA2-A0A9-20E2F30D6741}"
EndProject
Project("{FAE04EC0-301F-11D3-BF4B-00C04F79EFBC}") = "VaultProspector.Domain", "src\VaultProspector.Domain\VaultProspector.Domain.csproj", "{821D9147-D24B-49A1-97B9-EBB6EB474B17}"
EndProject
Project("{FAE04EC0-301F-11D3-BF4B-00C04F79EFBC}") = "VaultProspector.Infrastructure", "src\VaultProspector.Infrastructure\VaultProspector.Infrastructure.csproj", "{A5092A63-57C5-47C3-8B1F-8041B6E1FF85}"
EndProject
Project("{FAE04EC0-301F-11D3-BF4B-00C04F79EFBC}") = "VaultProspector.Platform", "src\VaultProspector.Platform\VaultProspector.Platform.csproj", "{6AA29472-4A29-4595-9B88-B0DCA1335503}"
EndProject
Project("{FAE04EC0-301F-11D3-BF4B-00C04F79EFBC}") = "VaultProspector.Providers.Azure", "src\VaultProspector.Providers.Azure\VaultProspector.Providers.Azure.csproj", "{A829A44A-75B4-4998-AE86-7EE995A15F40}"
EndProject
Project("{FAE04EC0-301F-11D3-BF4B-00C04F79EFBC}") = "VaultProspector.Application.Tests", "tests\VaultProspector.Application.Tests\VaultProspector.Application.Tests.csproj", "{FB758015-F344-4D21-8822-D8AA7D6EB1A5}"
EndProject
Project("{FAE04EC0-301F-11D3-BF4B-00C04F79EFBC}") = "VaultProspector.Domain.Tests", "tests\VaultProspector.Domain.Tests\VaultProspector.Domain.Tests.csproj", "{9B4D49EF-D54C-40B8-9F6F-CA1FFD4F53C5}"
EndProject
Project("{FAE04EC0-301F-11D3-BF4B-00C04F79EFBC}") = "VaultProspector.Infrastructure.Tests", "tests\VaultProspector.Infrastructure.Tests\VaultProspector.Infrastructure.Tests.csproj", "{EDF42B06-17C0-4CC3-BBA0-A99FFD596B30}"
EndProject
Project("{FAE04EC0-301F-11D3-BF4B-00C04F79EFBC}") = "VaultProspector.Providers.Azure.Tests", "tests\VaultProspector.Providers.Azure.Tests\VaultProspector.Providers.Azure.Tests.csproj", "{1172A98C-E409-4670-BC34-7A61FAD82D21}"
EndProject
Project("{FAE04EC0-301F-11D3-BF4B-00C04F79EFBC}") = "VaultProspector.Security.Tests", "tests\VaultProspector.Security.Tests\VaultProspector.Security.Tests.csproj", "{FE74597B-36AF-4948-BE31-954136463452}"
EndProject
Project("{FAE04EC0-301F-11D3-BF4B-00C04F79EFBC}") = "VaultProspector.Platform.Tests", "tests\VaultProspector.Platform.Tests\VaultProspector.Platform.Tests.csproj", "{019E71C9-8E61-4142-B817-9B31391EE71F}"
EndProject
Project("{2150E333-8FDC-42A3-9474-1A3956D46DE8}") = "tests", "tests", "{0AB3BF05-4346-4AA6-1389-037BE0695223}"
EndProject
Project("{FAE04EC0-301F-11D3-BF4B-00C04F79EFBC}") = "VaultProspector.App.Tests", "tests\VaultProspector.App.Tests\VaultProspector.App.Tests.csproj", "{295F8C01-E163-4BB9-813E-D56D7DF737B2}"
EndProject
Global
	GlobalSection(SolutionConfigurationPlatforms) = preSolution
		Debug|Any CPU = Debug|Any CPU
		Debug|x64 = Debug|x64
		Debug|x86 = Debug|x86
		Release|Any CPU = Release|Any CPU
		Release|x64 = Release|x64
		Release|x86 = Release|x86
	EndGlobalSection
	GlobalSection(ProjectConfigurationPlatforms) = postSolution
		{83E079FD-8090-4225-BEDF-677BEE561A7F}.Debug|Any CPU.ActiveCfg = Debug|Any CPU
		{83E079FD-8090-4225-BEDF-677BEE561A7F}.Debug|Any CPU.Build.0 = Debug|Any CPU
		{83E079FD-8090-4225-BEDF-677BEE561A7F}.Debug|x64.ActiveCfg = Debug|Any CPU
		{83E079FD-8090-4225-BEDF-677BEE561A7F}.Debug|x64.Build.0 = Debug|Any CPU
		{83E079FD-8090-4225-BEDF-677BEE561A7F}.Debug|x86.ActiveCfg = Debug|Any CPU
		{83E079FD-8090-4225-BEDF-677BEE561A7F}.Debug|x86.Build.0 = Debug|Any CPU
		{83E079FD-8090-4225-BEDF-677BEE561A7F}.Release|Any CPU.ActiveCfg = Release|Any CPU
		{83E079FD-8090-4225-BEDF-677BEE561A7F}.Release|Any CPU.Build.0 = Release|Any CPU
		{83E079FD-8090-4225-BEDF-677BEE561A7F}.Release|x64.ActiveCfg = Release|Any CPU
		{83E079FD-8090-4225-BEDF-677BEE561A7F}.Release|x64.Build.0 = Release|Any CPU
		{83E079FD-8090-4225-BEDF-677BEE561A7F}.Release|x86.ActiveCfg = Release|Any CPU
		{83E079FD-8090-4225-BEDF-677BEE561A7F}.Release|x86.Build.0 = Release|Any CPU
		{384BEB4D-3CC2-4CA2-A0A9-20E2F30D6741}.Debug|Any CPU.ActiveCfg = Debug|Any CPU
		{384BEB4D-3CC2-4CA2-A0A9-20E2F30D6741}.Debug|Any CPU.Build.0 = Debug|Any CPU
		{384BEB4D-3CC2-4CA2-A0A9-20E2F30D6741}.Debug|x64.ActiveCfg = Debug|Any CPU
		{384BEB4D-3CC2-4CA2-A0A9-20E2F30D6741}.Debug|x64.Build.0 = Debug|Any CPU
		{384BEB4D-3CC2-4CA2-A0A9-20E2F30D6741}.Debug|x86.ActiveCfg = Debug|Any CPU
		{384BEB4D-3CC2-4CA2-A0A9-20E2F30D6741}.Debug|x86.Build.0 = Debug|Any CPU
		{384BEB4D-3CC2-4CA2-A0A9-20E2F30D6741}.Release|Any CPU.ActiveCfg = Release|Any CPU
		{384BEB4D-3CC2-4CA2-A0A9-20E2F30D6741}.Release|Any CPU.Build.0 = Release|Any CPU
		{384BEB4D-3CC2-4CA2-A0A9-20E2F30D6741}.Release|x64.ActiveCfg = Release|Any CPU
		{384BEB4D-3CC2-4CA2-A0A9-20E2F30D6741}.Release|x64.Build.0 = Release|Any CPU
		{384BEB4D-3CC2-4CA2-A0A9-20E2F30D6741}.Release|x86.ActiveCfg = Release|Any CPU
		{384BEB4D-3CC2-4CA2-A0A9-20E2F30D6741}.Release|x86.Build.0 = Release|Any CPU
		{821D9147-D24B-49A1-97B9-EBB6EB474B17}.Debug|Any CPU.ActiveCfg = Debug|Any CPU
		{821D9147-D24B-49A1-97B9-EBB6EB474B17}.Debug|Any CPU.Build.0 = Debug|Any CPU
		{821D9147-D24B-49A1-97B9-EBB6EB474B17}.Debug|x64.ActiveCfg = Debug|Any CPU
		{821D9147-D24B-49A1-97B9-EBB6EB474B17}.Debug|x64.Build.0 = Debug|Any CPU
		{821D9147-D24B-49A1-97B9-EBB6EB474B17}.Debug|x86.ActiveCfg = Debug|Any CPU
		{821D9147-D24B-49A1-97B9-EBB6EB474B17}.Debug|x86.Build.0 = Debug|Any CPU
		{821D9147-D24B-49A1-97B9-EBB6EB474B17}.Release|Any CPU.ActiveCfg = Release|Any CPU
		{821D9147-D24B-49A1-97B9-EBB6EB474B17}.Release|Any CPU.Build.0 = Release|Any CPU
		{821D9147-D24B-49A1-97B9-EBB6EB474B17}.Release|x64.ActiveCfg = Release|Any CPU
		{821D9147-D24B-49A1-97B9-EBB6EB474B17}.Release|x64.Build.0 = Release|Any CPU
		{821D9147-D24B-49A1-97B9-EBB6EB474B17}.Release|x86.ActiveCfg = Release|Any CPU
		{821D9147-D24B-49A1-97B9-EBB6EB474B17}.Release|x86.Build.0 = Release|Any CPU
		{A5092A63-57C5-47C3-8B1F-8041B6E1FF85}.Debug|Any CPU.ActiveCfg = Debug|Any CPU
		{A5092A63-57C5-47C3-8B1F-8041B6E1FF85}.Debug|Any CPU.Build.0 = Debug|Any CPU
		{A5092A63-57C5-47C3-8B1F-8041B6E1FF85}.Debug|x64.ActiveCfg = Debug|Any CPU
		{A5092A63-57C5-47C3-8B1F-8041B6E1FF85}.Debug|x64.Build.0 = Debug|Any CPU
		{A5092A63-57C5-47C3-8B1F-8041B6E1FF85}.Debug|x86.ActiveCfg = Debug|Any CPU
		{A5092A63-57C5-47C3-8B1F-8041B6E1FF85}.Debug|x86.Build.0 = Debug|Any CPU
		{A5092A63-57C5-47C3-8B1F-8041B6E1FF85}.Release|Any CPU.ActiveCfg = Release|Any CPU
		{A5092A63-57C5-47C3-8B1F-8041B6E1FF85}.Release|Any CPU.Build.0 = Release|Any CPU
		{A5092A63-57C5-47C3-8B1F-8041B6E1FF85}.Release|x64.ActiveCfg = Release|Any CPU
		{A5092A63-57C5-47C3-8B1F-8041B6E1FF85}.Release|x64.Build.0 = Release|Any CPU
		{A5092A63-57C5-47C3-8B1F-8041B6E1FF85}.Release|x86.ActiveCfg = Release|Any CPU
		{A5092A63-57C5-47C3-8B1F-8041B6E1FF85}.Release|x86.Build.0 = Release|Any CPU
		{6AA29472-4A29-4595-9B88-B0DCA1335503}.Debug|Any CPU.ActiveCfg = Debug|Any CPU
		{6AA29472-4A29-4595-9B88-B0DCA1335503}.Debug|Any CPU.Build.0 = Debug|Any CPU
		{6AA29472-4A29-4595-9B88-B0DCA1335503}.Debug|x64.ActiveCfg = Debug|Any CPU
		{6AA29472-4A29-4595-9B88-B0DCA1335503}.Debug|x64.Build.0 = Debug|Any CPU
		{6AA29472-4A29-4595-9B88-B0DCA1335503}.Debug|x86.ActiveCfg = Debug|Any CPU
		{6AA29472-4A29-4595-9B88-B0DCA1335503}.Debug|x86.Build.0 = Debug|Any CPU
		{6AA29472-4A29-4595-9B88-B0DCA1335503}.Release|Any CPU.ActiveCfg = Release|Any CPU
		{6AA29472-4A29-4595-9B88-B0DCA1335503}.Release|Any CPU.Build.0 = Release|Any CPU
		{6AA29472-4A29-4595-9B88-B0DCA1335503}.Release|x64.ActiveCfg = Release|Any CPU
		{6AA29472-4A29-4595-9B88-B0DCA1335503}.Release|x64.Build.0 = Release|Any CPU
		{6AA29472-4A29-4595-9B88-B0DCA1335503}.Release|x86.ActiveCfg = Release|Any CPU
		{6AA29472-4A29-4595-9B88-B0DCA1335503}.Release|x86.Build.0 = Release|Any CPU
		{A829A44A-75B4-4998-AE86-7EE995A15F40}.Debug|Any CPU.ActiveCfg = Debug|Any CPU
		{A829A44A-75B4-4998-AE86-7EE995A15F40}.Debug|Any CPU.Build.0 = Debug|Any CPU
		{A829A44A-75B4-4998-AE86-7EE995A15F40}.Debug|x64.ActiveCfg = Debug|Any CPU
		{A829A44A-75B4-4998-AE86-7EE995A15F40}.Debug|x64.Build.0 = Debug|Any CPU
		{A829A44A-75B4-4998-AE86-7EE995A15F40}.Debug|x86.ActiveCfg = Debug|Any CPU
		{A829A44A-75B4-4998-AE86-7EE995A15F40}.Debug|x86.Build.0 = Debug|Any CPU
		{A829A44A-75B4-4998-AE86-7EE995A15F40}.Release|Any CPU.ActiveCfg = Release|Any CPU
		{A829A44A-75B4-4998-AE86-7EE995A15F40}.Release|Any CPU.Build.0 = Release|Any CPU
		{A829A44A-75B4-4998-AE86-7EE995A15F40}.Release|x64.ActiveCfg = Release|Any CPU
		{A829A44A-75B4-4998-AE86-7EE995A15F40}.Release|x64.Build.0 = Release|Any CPU
		{A829A44A-75B4-4998-AE86-7EE995A15F40}.Release|x86.ActiveCfg = Release|Any CPU
		{A829A44A-75B4-4998-AE86-7EE995A15F40}.Release|x86.Build.0 = Release|Any CPU
		{FB758015-F344-4D21-8822-D8AA7D6EB1A5}.Debug|Any CPU.ActiveCfg = Debug|Any CPU
		{FB758015-F344-4D21-8822-D8AA7D6EB1A5}.Debug|Any CPU.Build.0 = Debug|Any CPU
		{FB758015-F344-4D21-8822-D8AA7D6EB1A5}.Debug|x64.ActiveCfg = Debug|Any CPU
		{FB758015-F344-4D21-8822-D8AA7D6EB1A5}.Debug|x64.Build.0 = Debug|Any CPU
		{FB758015-F344-4D21-8822-D8AA7D6EB1A5}.Debug|x86.ActiveCfg = Debug|Any CPU
		{FB758015-F344-4D21-8822-D8AA7D6EB1A5}.Debug|x86.Build.0 = Debug|Any CPU
		{FB758015-F344-4D21-8822-D8AA7D6EB1A5}.Release|Any CPU.ActiveCfg = Release|Any CPU
		{FB758015-F344-4D21-8822-D8AA7D6EB1A5}.Release|Any CPU.Build.0 = Release|Any CPU
		{FB758015-F344-4D21-8822-D8AA7D6EB1A5}.Release|x64.ActiveCfg = Release|Any CPU
		{FB758015-F344-4D21-8822-D8AA7D6EB1A5}.Release|x64.Build.0 = Release|Any CPU
		{FB758015-F344-4D21-8822-D8AA7D6EB1A5}.Release|x86.ActiveCfg = Release|Any CPU
		{FB758015-F344-4D21-8822-D8AA7D6EB1A5}.Release|x86.Build.0 = Release|Any CPU
		{9B4D49EF-D54C-40B8-9F6F-CA1FFD4F53C5}.Debug|Any CPU.ActiveCfg = Debug|Any CPU
		{9B4D49EF-D54C-40B8-9F6F-CA1FFD4F53C5}.Debug|Any CPU.Build.0 = Debug|Any CPU
		{9B4D49EF-D54C-40B8-9F6F-CA1FFD4F53C5}.Debug|x64.ActiveCfg = Debug|Any CPU
		{9B4D49EF-D54C-40B8-9F6F-CA1FFD4F53C5}.Debug|x64.Build.0 = Debug|Any CPU
		{9B4D49EF-D54C-40B8-9F6F-CA1FFD4F53C5}.Debug|x86.ActiveCfg = Debug|Any CPU
		{9B4D49EF-D54C-40B8-9F6F-CA1FFD4F53C5}.Debug|x86.Build.0 = Debug|Any CPU
		{9B4D49EF-D54C-40B8-9F6F-CA1FFD4F53C5}.Release|Any CPU.ActiveCfg = Release|Any CPU
		{9B4D49EF-D54C-40B8-9F6F-CA1FFD4F53C5}.Release|Any CPU.Build.0 = Release|Any CPU
		{9B4D49EF-D54C-40B8-9F6F-CA1FFD4F53C5}.Release|x64.ActiveCfg = Release|Any CPU
		{9B4D49EF-D54C-40B8-9F6F-CA1FFD4F53C5}.Release|x64.Build.0 = Release|Any CPU
		{9B4D49EF-D54C-40B8-9F6F-CA1FFD4F53C5}.Release|x86.ActiveCfg = Release|Any CPU
		{9B4D49EF-D54C-40B8-9F6F-CA1FFD4F53C5}.Release|x86.Build.0 = Release|Any CPU
		{EDF42B06-17C0-4CC3-BBA0-A99FFD596B30}.Debug|Any CPU.ActiveCfg = Debug|Any CPU
		{EDF42B06-17C0-4CC3-BBA0-A99FFD596B30}.Debug|Any CPU.Build.0 = Debug|Any CPU
		{EDF42B06-17C0-4CC3-BBA0-A99FFD596B30}.Debug|x64.ActiveCfg = Debug|Any CPU
		{EDF42B06-17C0-4CC3-BBA0-A99FFD596B30}.Debug|x64.Build.0 = Debug|Any CPU
		{EDF42B06-17C0-4CC3-BBA0-A99FFD596B30}.Debug|x86.ActiveCfg = Debug|Any CPU
		{EDF42B06-17C0-4CC3-BBA0-A99FFD596B30}.Debug|x86.Build.0 = Debug|Any CPU
		{EDF42B06-17C0-4CC3-BBA0-A99FFD596B30}.Release|Any CPU.ActiveCfg = Release|Any CPU
		{EDF42B06-17C0-4CC3-BBA0-A99FFD596B30}.Release|Any CPU.Build.0 = Release|Any CPU
		{EDF42B06-17C0-4CC3-BBA0-A99FFD596B30}.Release|x64.ActiveCfg = Release|Any CPU
		{EDF42B06-17C0-4CC3-BBA0-A99FFD596B30}.Release|x64.Build.0 = Release|Any CPU
		{EDF42B06-17C0-4CC3-BBA0-A99FFD596B30}.Release|x86.ActiveCfg = Release|Any CPU
		{EDF42B06-17C0-4CC3-BBA0-A99FFD596B30}.Release|x86.Build.0 = Release|Any CPU
		{1172A98C-E409-4670-BC34-7A61FAD82D21}.Debug|Any CPU.ActiveCfg = Debug|Any CPU
		{1172A98C-E409-4670-BC34-7A61FAD82D21}.Debug|Any CPU.Build.0 = Debug|Any CPU
		{1172A98C-E409-4670-BC34-7A61FAD82D21}.Debug|x64.ActiveCfg = Debug|Any CPU
		{1172A98C-E409-4670-BC34-7A61FAD82D21}.Debug|x64.Build.0 = Debug|Any CPU
		{1172A98C-E409-4670-BC34-7A61FAD82D21}.Debug|x86.ActiveCfg = Debug|Any CPU
		{1172A98C-E409-4670-BC34-7A61FAD82D21}.Debug|x86.Build.0 = Debug|Any CPU
		{1172A98C-E409-4670-BC34-7A61FAD82D21}.Release|Any CPU.ActiveCfg = Release|Any CPU
		{1172A98C-E409-4670-BC34-7A61FAD82D21}.Release|Any CPU.Build.0 = Release|Any CPU
		{1172A98C-E409-4670-BC34-7A61FAD82D21}.Release|x64.ActiveCfg = Release|Any CPU
		{1172A98C-E409-4670-BC34-7A61FAD82D21}.Release|x64.Build.0 = Release|Any CPU
		{1172A98C-E409-4670-BC34-7A61FAD82D21}.Release|x86.ActiveCfg = Release|Any CPU
		{1172A98C-E409-4670-BC34-7A61FAD82D21}.Release|x86.Build.0 = Release|Any CPU
		{FE74597B-36AF-4948-BE31-954136463452}.Debug|Any CPU.ActiveCfg = Debug|Any CPU
		{FE74597B-36AF-4948-BE31-954136463452}.Debug|Any CPU.Build.0 = Debug|Any CPU
		{FE74597B-36AF-4948-BE31-954136463452}.Debug|x64.ActiveCfg = Debug|Any CPU
		{FE74597B-36AF-4948-BE31-954136463452}.Debug|x64.Build.0 = Debug|Any CPU
		{FE74597B-36AF-4948-BE31-954136463452}.Debug|x86.ActiveCfg = Debug|Any CPU
		{FE74597B-36AF-4948-BE31-954136463452}.Debug|x86.Build.0 = Debug|Any CPU
		{FE74597B-36AF-4948-BE31-954136463452}.Release|Any CPU.ActiveCfg = Release|Any CPU
		{FE74597B-36AF-4948-BE31-954136463452}.Release|Any CPU.Build.0 = Release|Any CPU
		{FE74597B-36AF-4948-BE31-954136463452}.Release|x64.ActiveCfg = Release|Any CPU
		{FE74597B-36AF-4948-BE31-954136463452}.Release|x64.Build.0 = Release|Any CPU
		{FE74597B-36AF-4948-BE31-954136463452}.Release|x86.ActiveCfg = Release|Any CPU
		{FE74597B-36AF-4948-BE31-954136463452}.Release|x86.Build.0 = Release|Any CPU
		{019E71C9-8E61-4142-B817-9B31391EE71F}.Debug|Any CPU.ActiveCfg = Debug|Any CPU
		{019E71C9-8E61-4142-B817-9B31391EE71F}.Debug|Any CPU.Build.0 = Debug|Any CPU
		{019E71C9-8E61-4142-B817-9B31391EE71F}.Debug|x64.ActiveCfg = Debug|Any CPU
		{019E71C9-8E61-4142-B817-9B31391EE71F}.Debug|x64.Build.0 = Debug|Any CPU
		{019E71C9-8E61-4142-B817-9B31391EE71F}.Debug|x86.ActiveCfg = Debug|Any CPU
		{019E71C9-8E61-4142-B817-9B31391EE71F}.Debug|x86.Build.0 = Debug|Any CPU
		{019E71C9-8E61-4142-B817-9B31391EE71F}.Release|Any CPU.ActiveCfg = Release|Any CPU
		{019E71C9-8E61-4142-B817-9B31391EE71F}.Release|Any CPU.Build.0 = Release|Any CPU
		{019E71C9-8E61-4142-B817-9B31391EE71F}.Release|x64.ActiveCfg = Release|Any CPU
		{019E71C9-8E61-4142-B817-9B31391EE71F}.Release|x64.Build.0 = Release|Any CPU
		{019E71C9-8E61-4142-B817-9B31391EE71F}.Release|x86.ActiveCfg = Release|Any CPU
		{019E71C9-8E61-4142-B817-9B31391EE71F}.Release|x86.Build.0 = Release|Any CPU
		{295F8C01-E163-4BB9-813E-D56D7DF737B2}.Debug|Any CPU.ActiveCfg = Debug|Any CPU
		{295F8C01-E163-4BB9-813E-D56D7DF737B2}.Debug|Any CPU.Build.0 = Debug|Any CPU
		{295F8C01-E163-4BB9-813E-D56D7DF737B2}.Debug|x64.ActiveCfg = Debug|Any CPU
		{295F8C01-E163-4BB9-813E-D56D7DF737B2}.Debug|x64.Build.0 = Debug|Any CPU
		{295F8C01-E163-4BB9-813E-D56D7DF737B2}.Debug|x86.ActiveCfg = Debug|Any CPU
		{295F8C01-E163-4BB9-813E-D56D7DF737B2}.Debug|x86.Build.0 = Debug|Any CPU
		{295F8C01-E163-4BB9-813E-D56D7DF737B2}.Release|Any CPU.ActiveCfg = Release|Any CPU
		{295F8C01-E163-4BB9-813E-D56D7DF737B2}.Release|Any CPU.Build.0 = Release|Any CPU
		{295F8C01-E163-4BB9-813E-D56D7DF737B2}.Release|x64.ActiveCfg = Release|Any CPU
		{295F8C01-E163-4BB9-813E-D56D7DF737B2}.Release|x64.Build.0 = Release|Any CPU
		{295F8C01-E163-4BB9-813E-D56D7DF737B2}.Release|x86.ActiveCfg = Release|Any CPU
		{295F8C01-E163-4BB9-813E-D56D7DF737B2}.Release|x86.Build.0 = Release|Any CPU
	EndGlobalSection
	GlobalSection(SolutionProperties) = preSolution
		HideSolutionNode = FALSE
	EndGlobalSection
	GlobalSection(NestedProjects) = preSolution
		{83E079FD-8090-4225-BEDF-677BEE561A7F} = {827E0CD3-B72D-47B6-A68D-7590B98EB39B}
		{384BEB4D-3CC2-4CA2-A0A9-20E2F30D6741} = {827E0CD3-B72D-47B6-A68D-7590B98EB39B}
		{821D9147-D24B-49A1-97B9-EBB6EB474B17} = {827E0CD3-B72D-47B6-A68D-7590B98EB39B}
		{A5092A63-57C5-47C3-8B1F-8041B6E1FF85} = {827E0CD3-B72D-47B6-A68D-7590B98EB39B}
		{6AA29472-4A29-4595-9B88-B0DCA1335503} = {827E0CD3-B72D-47B6-A68D-7590B98EB39B}
		{A829A44A-75B4-4998-AE86-7EE995A15F40} = {827E0CD3-B72D-47B6-A68D-7590B98EB39B}
		{FB758015-F344-4D21-8822-D8AA7D6EB1A5} = {0AB3BF05-4346-4AA6-1389-037BE0695223}
		{9B4D49EF-D54C-40B8-9F6F-CA1FFD4F53C5} = {0AB3BF05-4346-4AA6-1389-037BE0695223}
		{EDF42B06-17C0-4CC3-BBA0-A99FFD596B30} = {0AB3BF05-4346-4AA6-1389-037BE0695223}
		{1172A98C-E409-4670-BC34-7A61FAD82D21} = {0AB3BF05-4346-4AA6-1389-037BE0695223}
		{FE74597B-36AF-4948-BE31-954136463452} = {0AB3BF05-4346-4AA6-1389-037BE0695223}
		{019E71C9-8E61-4142-B817-9B31391EE71F} = {0AB3BF05-4346-4AA6-1389-037BE0695223}
		{295F8C01-E163-4BB9-813E-D56D7DF737B2} = {0AB3BF05-4346-4AA6-1389-037BE0695223}
	EndGlobalSection
EndGlobal
